// !$*UTF8*$!
{
	archiveVersion = 1;
	classes = {
	};
	objectVersion = 50;
	objects = {

/* Begin PBXBuildFile section */
		C4D98BE8267A227700A4C8C3 /* AppDelegate.swift in Sources */ = {isa = PBXBuildFile; fileRef = C4D98BE7267A227700A4C8C3 /* AppDelegate.swift */; };
		C4D98BEA267A227700A4C8C3 /* SceneDelegate.swift in Sources */ = {isa = PBXBuildFile; fileRef = C4D98BE9267A227700A4C8C3 /* SceneDelegate.swift */; };
		C4D98BEC267A227700A4C8C3 /* ViewController.swift in Sources */ = {isa = PBXBuildFile; fileRef = C4D98BEB267A227700A4C8C3 /* ViewController.swift */; };
		C4D98BEF267A227700A4C8C3 /* Main.storyboard in Resources */ = {isa = PBXBuildFile; fileRef = C4D98BED267A227700A4C8C3 /* Main.storyboard */; };
		C4D98BF1267A227800A4C8C3 /* Assets.xcassets in Resources */ = {isa = PBXBuildFile; fileRef = C4D98BF0267A227800A4C8C3 /* Assets.xcassets */; };
		C4D98BF4267A227800A4C8C3 /* LaunchScreen.storyboard in Resources */ = {isa = PBXBuildFile; fileRef = C4D98BF2267A227800A4C8C3 /* LaunchScreen.storyboard */; };
		C4D98BFF267A227800A4C8C3 /* ChatAppTests.swift in Sources */ = {isa = PBXBuildFile; fileRef = C4D98BFE267A227800A4C8C3 /* ChatAppTests.swift */; };
		C4D98C0A267A227800A4C8C3 /* ChatAppUITests.swift in Sources */ = {isa = PBXBuildFile; fileRef = C4D98C09267A227800A4C8C3 /* ChatAppUITests.swift */; };
/* End PBXBuildFile section */

/* Begin PBXContainerItemProxy section */
		C4D98BFB267A227800A4C8C3 /* PBXContainerItemProxy */ = {
			isa = PBXContainerItemProxy;
			containerPortal = C4D98BDC267A227700A4C8C3 /* Project object */;
			proxyType = 1;
			remoteGlobalIDString = C4D98BE3267A227700A4C8C3;
			remoteInfo = ChatApp;
		};
		C4D98C06267A227800A4C8C3 /* PBXContainerItemProxy */ = {
			isa = PBXContainerItemProxy;
			containerPortal = C4D98BDC267A227700A4C8C3 /* Project object */;
			proxyType = 1;
			remoteGlobalIDString = C4D98BE3267A227700A4C8C3;
			remoteInfo = ChatApp;
		};
/* End PBXContainerItemProxy section */

/* Begin PBXFileReference section */
		C4D98BE4267A227700A4C8C3 /* ChatApp.app */ = {isa = PBXFileReference; explicitFileType = wrapper.application; includeInIndex = 0; path = ChatApp.app; sourceTree = BUILT_PRODUCTS_DIR; };
		C4D98BE7267A227700A4C8C3 /* AppDelegate.swift */ = {isa = PBXFileReference; lastKnownFileType = sourcecode.swift; path = AppDelegate.swift; sourceTree = "<group>"; };
		C4D98BE9267A227700A4C8C3 /* SceneDelegate.swift */ = {isa = PBXFileReference; lastKnownFileType = sourcecode.swift; path = SceneDelegate.swift; sourceTree = "<group>"; };
		C4D98BEB267A227700A4C8C3 /* ViewController.swift */ = {isa = PBXFileReference; lastKnownFileType = sourcecode.swift; path = ViewController.swift; sourceTree = "<group>"; };
		C4D98BEE267A227700A4C8C3 /* Base */ = {isa = PBXFileReference; lastKnownFileType = file.storyboard; name = Base; path = Base.lproj/Main.storyboard; sourceTree = "<group>"; };
		C4D98BF0267A227800A4C8C3 /* Assets.xcassets */ = {isa = PBXFileReference; lastKnownFileType = folder.assetcatalog; path = Assets.xcassets; sourceTree = "<group>"; };
		C4D98BF3267A227800A4C8C3 /* Base */ = {isa = PBXFileReference; lastKnownFileType = file.storyboard; name = Base; path = Base.lproj/LaunchScreen.storyboard; sourceTree = "<group>"; };
		C4D98BF5267A227800A4C8C3 /* Info.plist */ = {isa = PBXFileReference; lastKnownFileType = text.plist.xml; path = Info.plist; sourceTree = "<group>"; };
		C4D98BFA267A227800A4C8C3 /* ChatAppTests.xctest */ = {isa = PBXFileReference; explicitFileType = wrapper.cfbundle; includeInIndex = 0; path = ChatAppTests.xctest; sourceTree = BUILT_PRODUCTS_DIR; };
		C4D98BFE267A227800A4C8C3 /* ChatAppTests.swift */ = {isa = PBXFileReference; lastKnownFileType = sourcecode.swift; path = ChatAppTests.swift; sourceTree = "<group>"; };
		C4D98C00267A227800A4C8C3 /* Info.plist */ = {isa = PBXFileReference; lastKnownFileType = text.plist.xml; path = Info.plist; sourceTree = "<group>"; };
		C4D98C05267A227800A4C8C3 /* ChatAppUITests.xctest */ = {isa = PBXFileReference; explicitFileType = wrapper.cfbundle; includeInIndex = 0; path = ChatAppUITests.xctest; sourceTree = BUILT_PRODUCTS_DIR; };
		C4D98C09267A227800A4C8C3 /* ChatAppUITests.swift */ = {isa = PBXFileReference; lastKnownFileType = sourcecode.swift; path = ChatAppUITests.swift; sourceTree = "<group>"; };
		C4D98C0B267A227800A4C8C3 /* Info.plist */ = {isa = PBXFileReference; lastKnownFileType = text.plist.xml; path = Info.plist; sourceTree = "<group>"; };
/* End PBXFileReference section */

/* Begin PBXFrameworksBuildPhase section */
		C4D98BE1267A227700A4C8C3 /* Frameworks */ = {
			isa = PBXFrameworksBuildPhase;
			buildActionMask = 2147483647;
			files = (
			);
			runOnlyForDeploymentPostprocessing = 0;
		};
		C4D98BF7267A227800A4C8C3 /* Frameworks */ = {
			isa = PBXFrameworksBuildPhase;
			buildActionMask = 2147483647;
			files = (
			);
			runOnlyForDeploymentPostprocessing = 0;
		};
		C4D98C02267A227800A4C8C3 /* Frameworks */ = {
			isa = PBXFrameworksBuildPhase;
			buildActionMask = 2147483647;
			files = (
			);
			runOnlyForDeploymentPostprocessing = 0;
		};
/* End PBXFrameworksBuildPhase section */

/* Begin PBXGroup section */
		C4D98BDB267A227700A4C8C3 = {
			isa = PBXGroup;
			children = (
				C4D98BE6267A227700A4C8C3 /* ChatApp */,
				C4D98BFD267A227800A4C8C3 /* ChatAppTests */,
				C4D98C08267A227800A4C8C3 /* ChatAppUITests */,
				C4D98BE5267A227700A4C8C3 /* Products */,
			);
			sourceTree = "<group>";
		};
		C4D98BE5267A227700A4C8C3 /* Products */ = {
			isa = PBXGroup;
			children = (
				C4D98BE4267A227700A4C8C3 /* ChatApp.app */,
				C4D98BFA267A227800A4C8C3 /* ChatAppTests.xctest */,
				C4D98C05267A227800A4C8C3 /* ChatAppUITests.xctest */,
			);
			name = Products;
			sourceTree = "<group>";
		};
		C4D98BE6267A227700A4C8C3 /* ChatApp */ = {
			isa = PBXGroup;
			children = (
				C4D98BE7267A227700A4C8C3 /* AppDelegate.swift */,
				C4D98BE9267A227700A4C8C3 /* SceneDelegate.swift */,
				C4D98BEB267A227700A4C8C3 /* ViewController.swift */,
				C4D98BED267A227700A4C8C3 /* Main.storyboard */,
				C4D98BF0267A227800A4C8C3 /* Assets.xcassets */,
				C4D98BF2267A227800A4C8C3 /* LaunchScreen.storyboard */,
				C4D98BF5267A227800A4C8C3 /* Info.plist */,
			);
			path = ChatApp;
			sourceTree = "<group>";
		};
		C4D98BFD267A227800A4C8C3 /* ChatAppTests */ = {
			isa = PBXGroup;
			children = (
				C4D98BFE267A227800A4C8C3 /* ChatAppTests.swift */,
				C4D98C00267A227800A4C8C3 /* Info.plist */,
			);
			path = ChatAppTests;
			sourceTree = "<group>";
		};
		C4D98C08267A227800A4C8C3 /* ChatAppUITests */ = {
			isa = PBXGroup;
			children = (
				C4D98C09267A227800A4C8C3 /* ChatAppUITests.swift */,
				C4D98C0B267A227800A4C8C3 /* Info.plist */,
			);
			path = ChatAppUITests;
			sourceTree = "<group>";
		};
/* End PBXGroup section */

/* Begin PBXNativeTarget section */
		C4D98BE3267A227700A4C8C3 /* ChatApp */ = {
			isa = PBXNativeTarget;
			buildConfigurationList = C4D98C0E267A227800A4C8C3 /* Build configuration list for PBXNativeTarget "ChatApp" */;
			buildPhases = (
				C4D98BE0267A227700A4C8C3 /* Sources */,
				C4D98BE1267A227700A4C8C3 /* Frameworks */,
				C4D98BE2267A227700A4C8C3 /* Resources */,
			);
			buildRules = (
			);
			dependencies = (
			);
			name = ChatApp;
			productName = ChatApp;
			productReference = C4D98BE4267A227700A4C8C3 /* ChatApp.app */;
			productType = "com.apple.product-type.application";
		};
		C4D98BF9267A227800A4C8C3 /* ChatAppTests */ = {
			isa = PBXNativeTarget;
			buildConfigurationList = C4D98C11267A227800A4C8C3 /* Build configuration list for PBXNativeTarget "ChatAppTests" */;
			buildPhases = (
				C4D98BF6267A227800A4C8C3 /* Sources */,
				C4D98BF7267A227800A4C8C3 /* Frameworks */,
				C4D98BF8267A227800A4C8C3 /* Resources */,
			);
			buildRules = (
			);
			dependencies = (
				C4D98BFC267A227800A4C8C3 /* PBXTargetDependency */,
			);
			name = ChatAppTests;
			productName = ChatAppTests;
			productReference = C4D98BFA267A227800A4C8C3 /* ChatAppTests.xctest */;
			productType = "com.apple.product-type.bundle.unit-test";
		};
		C4D98C04267A227800A4C8C3 /* ChatAppUITests */ = {
			isa = PBXNativeTarget;
			buildConfigurationList = C4D98C14267A227800A4C8C3 /* Build configuration list for PBXNativeTarget "ChatAppUITests" */;
			buildPhases = (
				C4D98C01267A227800A4C8C3 /* Sources */,
				C4D98C02267A227800A4C8C3 /* Frameworks */,
				C4D98C03267A227800A4C8C3 /* Resources */,
			);
			buildRules = (
			);
			dependencies = (
				C4D98C07267A227800A4C8C3 /* PBXTargetDependency */,
			);
			name = ChatAppUITests;
			productName = ChatAppUITests;
			productReference = C4D98C05267A227800A4C8C3 /* ChatAppUITests.xctest */;
			productType = "com.apple.product-type.bundle.ui-testing";
		};
/* End PBXNativeTarget section */

/* Begin PBXProject section */
		C4D98BDC267A227700A4C8C3 /* Project object */ = {
			isa = PBXProject;
			attributes = {
				LastSwiftUpdateCheck = 1240;
				LastUpgradeCheck = 1240;
				TargetAttributes = {
					C4D98BE3267A227700A4C8C3 = {
						CreatedOnToolsVersion = 12.4;
					};
					C4D98BF9267A227800A4C8C3 = {
						CreatedOnToolsVersion = 12.4;
						TestTargetID = C4D98BE3267A227700A4C8C3;
					};
					C4D98C04267A227800A4C8C3 = {
						CreatedOnToolsVersion = 12.4;
						TestTargetID = C4D98BE3267A227700A4C8C3;
					};
				};
			};
			buildConfigurationList = C4D98BDF267A227700A4C8C3 /* Build configuration list for PBXProject "ChatApp" */;
			compatibilityVersion = "Xcode 9.3";
			developmentRegion = en;
			hasScannedForEncodings = 0;
			knownRegions = (
				en,
				Base,
			);
			mainGroup = C4D98BDB267A227700A4C8C3;
			productRefGroup = C4D98BE5267A227700A4C8C3 /* Products */;
			projectDirPath = "";
			projectRoot = "";
			targets = (
				C4D98BE3267A227700A4C8C3 /* ChatApp */,
				C4D98BF9267A227800A4C8C3 /* ChatAppTests */,
				C4D98C04267A227800A4C8C3 /* ChatAppUITests */,
			);
		};
/* End PBXProject section */

/* Begin PBXResourcesBuildPhase section */
		C4D98BE2267A227700A4C8C3 /* Resources */ = {
			isa = PBXResourcesBuildPhase;
			buildActionMask = 2147483647;
			files = (
				C4D98BF4267A227800A4C8C3 /* LaunchScreen.storyboard in Resources */,
				C4D98BF1267A227800A4C8C3 /* Assets.xcassets in Resources */,
				C4D98BEF267A227700A4C8C3 /* Main.storyboard in Resources */,
			);
			runOnlyForDeploymentPostprocessing = 0;
		};
		C4D98BF8267A227800A4C8C3 /* Resources */ = {
			isa = PBXResourcesBuildPhase;
			buildActionMask = 2147483647;
			files = (
			);
			runOnlyForDeploymentPostprocessing = 0;
		};
		C4D98C03267A227800A4C8C3 /* Resources */ = {
			isa = PBXResourcesBuildPhase;
			buildActionMask = 2147483647;
			files = (
			);
			runOnlyForDeploymentPostprocessing = 0;
		};
/* End PBXResourcesBuildPhase section */

/* Begin PBXSourcesBuildPhase section */
		C4D98BE0267A227700A4C8C3 /* Sources */ = {
			isa = PBXSourcesBuildPhase;
			buildActionMask = 2147483647;
			files = (
				C4D98BEC267A227700A4C8C3 /* ViewController.swift in Sources */,
				C4D98BE8267A227700A4C8C3 /* AppDelegate.swift in Sources */,
				C4D98BEA267A227700A4C8C3 /* SceneDelegate.swift in Sources */,
			);
			runOnlyForDeploymentPostprocessing = 0;
		};
		C4D98BF6267A227800A4C8C3 /* Sources */ = {
			isa = PBXSourcesBuildPhase;
			buildActionMask = 2147483647;
			files = (
				C4D98BFF267A227800A4C8C3 /* ChatAppTests.swift in Sources */,
			);
			runOnlyForDeploymentPostprocessing = 0;
		};
		C4D98C01267A227800A4C8C3 /* Sources */ = {
			isa = PBXSourcesBuildPhase;
			buildActionMask = 2147483647;
			files = (
				C4D98C0A267A227800A4C8C3 /* ChatAppUITests.swift in Sources */,
			);
			runOnlyForDeploymentPostprocessing = 0;
		};
/* End PBXSourcesBuildPhase section */

/* Begin PBXTargetDependency section */
		C4D98BFC267A227800A4C8C3 /* PBXTargetDependency */ = {
			isa = PBXTargetDependency;
			target = C4D98BE3267A227700A4C8C3 /* ChatApp */;
			targetProxy = C4D98BFB267A227800A4C8C3 /* PBXContainerItemProxy */;
		};
		C4D98C07267A227800A4C8C3 /* PBXTargetDependency */ = {
			isa = PBXTargetDependency;
			target = C4D98BE3267A227700A4C8C3 /* ChatApp */;
			targetProxy = C4D98C06267A227800A4C8C3 /* PBXContainerItemProxy */;
		};
/* End PBXTargetDependency section */

/* Begin PBXVariantGroup section */
		C4D98BED267A227700A4C8C3 /* Main.storyboard */ = {
			isa = PBXVariantGroup;
			children = (
				C4D98BEE267A227700A4C8C3 /* Base */,
			);
			name = Main.storyboard;
			sourceTree = "<group>";
		};
		C4D98BF2267A227800A4C8C3 /* LaunchScreen.storyboard */ = {
			isa = PBXVariantGroup;
			children = (
				C4D98BF3267A227800A4C8C3 /* Base */,
			);
			name = LaunchScreen.storyboard;
			sourceTree = "<group>";
		};
/* End PBXVariantGroup section */

/* Begin XCBuildConfiguration section */
		C4D98C0C267A227800A4C8C3 /* Debug */ = {
			isa = XCBuildConfiguration;
			buildSettings = {
				ALWAYS_SEARCH_USER_PATHS = NO;
				CLANG_ANALYZER_NONNULL = YES;
				CLANG_ANALYZER_NUMBER_OBJECT_CONVERSION = YES_AGGRESSIVE;
				CLANG_CXX_LANGUAGE_STANDARD = "gnu++14";
				CLANG_CXX_LIBRARY = "libc++";
				CLANG_ENABLE_MODULES = YES;
				CLANG_ENABLE_OBJC_ARC = YES;
				CLANG_ENABLE_OBJC_WEAK = YES;
				CLANG_WARN_BLOCK_CAPTURE_AUTORELEASING = YES;
				CLANG_WARN_BOOL_CONVERSION = YES;
				CLANG_WARN_COMMA = YES;
				CLANG_WARN_CONSTANT_CONVERSION = YES;
				CLANG_WARN_DEPRECATED_OBJC_IMPLEMENTATIONS = YES;
				CLANG_WARN_DIRECT_OBJC_ISA_USAGE = YES_ERROR;
				CLANG_WARN_DOCUMENTATION_COMMENTS = YES;
				CLANG_WARN_EMPTY_BODY = YES;
				CLANG_WARN_ENUM_CONVERSION = YES;
				CLANG_WARN_INFINITE_RECURSION = YES;
				CLANG_WARN_INT_CONVERSION = YES;
				CLANG_WARN_NON_LITERAL_NULL_CONVERSION = YES;
				CLANG_WARN_OBJC_IMPLICIT_RETAIN_SELF = YES;
				CLANG_WARN_OBJC_LITERAL_CONVERSION = YES;
				CLANG_WARN_OBJC_ROOT_CLASS = YES_ERROR;
				CLANG_WARN_QUOTED_INCLUDE_IN_FRAMEWORK_HEADER = YES;
				CLANG_WARN_RANGE_LOOP_ANALYSIS = YES;
				CLANG_WARN_STRICT_PROTOTYPES = YES;
				CLANG_WARN_SUSPICIOUS_MOVE = YES;
				CLANG_WARN_UNGUARDED_AVAILABILITY = YES_AGGRESSIVE;
				CLANG_WARN_UNREACHABLE_CODE = YES;
				CLANG_WARN__DUPLICATE_METHOD_MATCH = YES;
				COPY_PHASE_STRIP = NO;
				DEBUG_INFORMATION_FORMAT = dwarf;
				ENABLE_STRICT_OBJC_MSGSEND = YES;
				ENABLE_TESTABILITY = YES;
				GCC_C_LANGUAGE_STANDARD = gnu11;
				GCC_DYNAMIC_NO_PIC = NO;
				GCC_NO_COMMON_BLOCKS = YES;
				GCC_OPTIMIZATION_LEVEL = 0;
				GCC_PREPROCESSOR_DEFINITIONS = (
					"DEBUG=1",
					"$(inherited)",
				);
				GCC_WARN_64_TO_32_BIT_CONVERSION = YES;
				GCC_WARN_ABOUT_RETURN_TYPE = YES_ERROR;
				GCC_WARN_UNDECLARED_SELECTOR = YES;
				GCC_WARN_UNINITIALIZED_AUTOS = YES_AGGRESSIVE;
				GCC_WARN_UNUSED_FUNCTION = YES;
				GCC_WARN_UNUSED_VARIABLE = YES;
				IPHONEOS_DEPLOYMENT_TARGET = 14.4;
				MTL_ENABLE_DEBUG_INFO = INCLUDE_SOURCE;
				MTL_FAST_MATH = YES;
				ONLY_ACTIVE_ARCH = YES;
				SDKROOT = iphoneos;
				SWIFT_ACTIVE_COMPILATION_CONDITIONS = DEBUG;
				SWIFT_OPTIMIZATION_LEVEL = "-Onone";
			};
			name = Debug;
		};
		C4D98C0D267A227800A4C8C3 /* Release */ = {
			isa = XCBuildConfiguration;
			buildSettings = {
				ALWAYS_SEARCH_USER_PATHS = NO;
				CLANG_ANALYZER_NONNULL = YES;
				CLANG_ANALYZER_NUMBER_OBJECT_CONVERSION = YES_AGGRESSIVE;
				CLANG_CXX_LANGUAGE_STANDARD = "gnu++14";
				CLANG_CXX_LIBRARY = "libc++";
				CLANG_ENABLE_MODULES = YES;
				CLANG_ENABLE_OBJC_ARC = YES;
				CLANG_ENABLE_OBJC_WEAK = YES;
				CLANG_WARN_BLOCK_CAPTURE_AUTORELEASING = YES;
				CLANG_WARN_BOOL_CONVERSION = YES;
				CLANG_WARN_COMMA = YES;
				CLANG_WARN_CONSTANT_CONVERSION = YES;
				CLANG_WARN_DEPRECATED_OBJC_IMPLEMENTATIONS = YES;
				CLANG_WARN_DIRECT_OBJC_ISA_USAGE = YES_ERROR;
				CLANG_WARN_DOCUMENTATION_COMMENTS = YES;
				CLANG_WARN_EMPTY_BODY = YES;
				CLANG_WARN_ENUM_CONVERSION = YES;
				CLANG_WARN_INFINITE_RECURSION = YES;
				CLANG_WARN_INT_CONVERSION = YES;
				CLANG_WARN_NON_LITERAL_NULL_CONVERSION = YES;
				CLANG_WARN_OBJC_IMPLICIT_RETAIN_SELF = YES;
				CLANG_WARN_OBJC_LITERAL_CONVERSION = YES;
				CLANG_WARN_OBJC_ROOT_CLASS = YES_ERROR;
				CLANG_WARN_QUOTED_INCLUDE_IN_FRAMEWORK_HEADER = YES;
				CLANG_WARN_RANGE_LOOP_ANALYSIS = YES;
				CLANG_WARN_STRICT_PROTOTYPES = YES;
				CLANG_WARN_SUSPICIOUS_MOVE = YES;
				CLANG_WARN_UNGUARDED_AVAILABILITY = YES_AGGRESSIVE;
				CLANG_WARN_UNREACHABLE_CODE = YES;
				CLANG_WARN__DUPLICATE_METHOD_MATCH = YES;
				COPY_PHASE_STRIP = NO;
				DEBUG_INFORMATION_FORMAT = "dwarf-with-dsym";
				ENABLE_NS_ASSERTIONS = NO;
				ENABLE_STRICT_OBJC_MSGSEND = YES;
				GCC_C_LANGUAGE_STANDARD = gnu11;
				GCC_NO_COMMON_BLOCKS = YES;
				GCC_WARN_64_TO_32_BIT_CONVERSION = YES;
				GCC_WARN_ABOUT_RETURN_TYPE = YES_ERROR;
				GCC_WARN_UNDECLARED_SELECTOR = YES;
				GCC_WARN_UNINITIALIZED_AUTOS = YES_AGGRESSIVE;
				GCC_WARN_UNUSED_FUNCTION = YES;
				GCC_WARN_UNUSED_VARIABLE = YES;
				IPHONEOS_DEPLOYMENT_TARGET = 14.4;
				MTL_ENABLE_DEBUG_INFO = NO;
				MTL_FAST_MATH = YES;
				SDKROOT = iphoneos;
				SWIFT_COMPILATION_MODE = wholemodule;
				SWIFT_OPTIMIZATION_LEVEL = "-O";
				VALIDATE_PRODUCT = YES;
			};
			name = Release;
		};
		C4D98C0F267A227800A4C8C3 /* Debug */ = {
			isa = XCBuildConfiguration;
			buildSettings = {
				ASSETCATALOG_COMPILER_APPICON_NAME = AppIcon;
				ASSETCATALOG_COMPILER_GLOBAL_ACCENT_COLOR_NAME = AccentColor;
				CODE_SIGN_STYLE = Automatic;
				DEVELOPMENT_TEAM = 5BXS52F998;
				INFOPLIST_FILE = ChatApp/Info.plist;
				LD_RUNPATH_SEARCH_PATHS = (
					"$(inherited)",
					"@executable_path/Frameworks",
				);
				PRODUCT_BUNDLE_IDENTIFIER = com.ShotaKobayashi.ChatApp;
				PRODUCT_NAME = "$(TARGET_NAME)";
				SWIFT_VERSION = 5.0;
				TARGETED_DEVICE_FAMILY = "1,2";
			};
			name = Debug;
		};
		C4D98C10267A227800A4C8C3 /* Release */ = {
			isa = XCBuildConfiguration;
			buildSettings = {
				ASSETCATALOG_COMPILER_APPICON_NAME = AppIcon;
				ASSETCATALOG_COMPILER_GLOBAL_ACCENT_COLOR_NAME = AccentColor;
				CODE_SIGN_STYLE = Automatic;
				DEVELOPMENT_TEAM = 5BXS52F998;
				INFOPLIST_FILE = ChatApp/Info.plist;
				LD_RUNPATH_SEARCH_PATHS = (
					"$(inherited)",
					"@executable_path/Frameworks",
				);
				PRODUCT_BUNDLE_IDENTIFIER = com.ShotaKobayashi.ChatApp;
				PRODUCT_NAME = "$(TARGET_NAME)";
				SWIFT_VERSION = 5.0;
				TARGETED_DEVICE_FAMILY = "1,2";
			};
			name = Release;
		};
		C4D98C12267A227800A4C8C3 /* Debug */ = {
			isa = XCBuildConfiguration;
			buildSettings = {
				ALWAYS_EMBED_SWIFT_STANDARD_LIBRARIES = YES;
				BUNDLE_LOADER = "$(TEST_HOST)";
				CODE_SIGN_STYLE = Automatic;
				DEVELOPMENT_TEAM = 5BXS52F998;
				INFOPLIST_FILE = ChatAppTests/Info.plist;
				IPHONEOS_DEPLOYMENT_TARGET = 14.4;
				LD_RUNPATH_SEARCH_PATHS = (
					"$(inherited)",
					"@executable_path/Frameworks",
					"@loader_path/Frameworks",
				);
				PRODUCT_BUNDLE_IDENTIFIER = com.ShotaKobayashi.ChatAppTests;
				PRODUCT_NAME = "$(TARGET_NAME)";
				SWIFT_VERSION = 5.0;
				TARGETED_DEVICE_FAMILY = "1,2";
				TEST_HOST = "$(BUILT_PRODUCTS_DIR)/ChatApp.app/ChatApp";
			};
			name = Debug;
		};
		C4D98C13267A227800A4C8C3 /* Release */ = {
			isa = XCBuildConfiguration;
			buildSettings = {
				ALWAYS_EMBED_SWIFT_STANDARD_LIBRARIES = YES;
				BUNDLE_LOADER = "$(TEST_HOST)";
				CODE_SIGN_STYLE = Automatic;
				DEVELOPMENT_TEAM = 5BXS52F998;
				INFOPLIST_FILE = ChatAppTests/Info.plist;
				IPHONEOS_DEPLOYMENT_TARGET = 14.4;
				LD_RUNPATH_SEARCH_PATHS = (
					"$(inherited)",
					"@executable_path/Frameworks",
					"@loader_path/Frameworks",
				);
				PRODUCT_BUNDLE_IDENTIFIER = com.ShotaKobayashi.ChatAppTests;
				PRODUCT_NAME = "$(TARGET_NAME)";
				SWIFT_VERSION = 5.0;
				TARGETED_DEVICE_FAMILY = "1,2";
				TEST_HOST = "$(BUILT_PRODUCTS_DIR)/ChatApp.app/ChatApp";
			};
			name = Release;
		};
		C4D98C15267A227800A4C8C3 /* Debug */ = {
			isa = XCBuildConfiguration;
			buildSettings = {
				ALWAYS_EMBED_SWIFT_STANDARD_LIBRARIES = YES;
				CODE_SIGN_STYLE = Automatic;
				DEVELOPMENT_TEAM = 5BXS52F998;
				INFOPLIST_FILE = ChatAppUITests/Info.plist;
				LD_RUNPATH_SEARCH_PATHS = (
					"$(inherited)",
					"@executable_path/Frameworks",
					"@loader_path/Frameworks",
				);
				PRODUCT_BUNDLE_IDENTIFIER = com.ShotaKobayashi.ChatAppUITests;
				PRODUCT_NAME = "$(TARGET_NAME)";
				SWIFT_VERSION = 5.0;
				TARGETED_DEVICE_FAMILY = "1,2";
				TEST_TARGET_NAME = ChatApp;
			};
			name = Debug;
		};
		C4D98C16267A227800A4C8C3 /* Release */ = {
			isa = XCBuildConfiguration;
			buildSettings = {
				ALWAYS_EMBED_SWIFT_STANDARD_LIBRARIES = YES;
				CODE_SIGN_STYLE = Automatic;
				DEVELOPMENT_TEAM = 5BXS52F998;
				INFOPLIST_FILE = ChatAppUITests/Info.plist;
				LD_RUNPATH_SEARCH_PATHS = (
					"$(inherited)",
					"@executable_path/Frameworks",
					"@loader_path/Frameworks",
				);
				PRODUCT_BUNDLE_IDENTIFIER = com.ShotaKobayashi.ChatAppUITests;
				PRODUCT_NAME = "$(TARGET_NAME)";
				SWIFT_VERSION = 5.0;
				TARGETED_DEVICE_FAMILY = "1,2";
				TEST_TARGET_NAME = ChatApp;
			};
			name = Release;
		};
/* End XCBuildConfiguration section */

/* Begin XCConfigurationList section */
		C4D98BDF267A227700A4C8C3 /* Build configuration list for PBXProject "ChatApp" */ = {
			isa = XCConfigurationList;
			buildConfigurations = (
				C4D98C0C267A227800A4C8C3 /* Debug */,
				C4D98C0D267A227800A4C8C3 /* Release */,
			);
			defaultConfigurationIsVisible = 0;
			defaultConfigurationName = Release;
		};
		C4D98C0E267A227800A4C8C3 /* Build configuration list for PBXNativeTarget "ChatApp" */ = {
			isa = XCConfigurationList;
			buildConfigurations = (
				C4D98C0F267A227800A4C8C3 /* Debug */,
				C4D98C10267A227800A4C8C3 /* Release */,
			);
			defaultConfigurationIsVisible = 0;
			defaultConfigurationName = Release;
		};
		C4D98C11267A227800A4C8C3 /* Build configuration list for PBXNativeTarget "ChatAppTests" */ = {
			isa = XCConfigurationList;
			buildConfigurations = (
				C4D98C12267A227800A4C8C3 /* Debug */,
				C4D98C13267A227800A4C8C3 /* Release */,
			);
			defaultConfigurationIsVisible = 0;
			defaultConfigurationName = Release;
		};
		C4D98C14267A227800A4C8C3 /* Build configuration list for PBXNativeTarget "ChatAppUITests" */ = {
			isa = XCConfigurationList;
			buildConfigurations = (
				C4D98C15267A227800A4C8C3 /* Debug */,
				C4D98C16267A227800A4C8C3 /* Release */,
			);
			defaultConfigurationIsVisible = 0;
			defaultConfigurationName = Release;
		};
/* End XCConfigurationList section */
	};
	rootObject = C4D98BDC267A227700A4C8C3 /* Project object */;
}
